
Microsoft Visual Studio Solution File, Format Version 12.00
# Visual Studio Version 17
VisualStudioVersion = 17.4.33213.308
MinimumVisualStudioVersion = 10.0.40219.1
Project("{FAE04EC0-301F-11D3-BF4B-00C04F79EFBC}") = "proyectoEmpleados", "proyectoEmpleados\proyectoEmpleados.csproj", "{DECF9AAB-2A5B-4289-866D-2EF97E625F00}"
EndProject
Global
	GlobalSection(SolutionConfigurationPlatforms) = preSolution
		Debug|Any CPU = Debug|Any CPU
		Release|Any CPU = Release|Any CPU
	EndGlobalSection
	GlobalSection(ProjectConfigurationPlatforms) = postSolution
		{DECF9AAB-2A5B-4289-866D-2EF97E625F00}.Debug|Any CPU.ActiveCfg = Debug|Any CPU
		{DECF9AAB-2A5B-4289-866D-2EF97E625F00}.Debug|Any CPU.Build.0 = Debug|Any CPU
		{DECF9AAB-2A5B-4289-866D-2EF97E625F00}.Release|Any CPU.ActiveCfg = Release|Any CPU
		{DECF9AAB-2A5B-4289-866D-2EF97E625F00}.Release|Any CPU.Build.0 = Release|Any CPU
	EndGlobalSection
	GlobalSection(SolutionProperties) = preSolution
		HideSolutionNode = FALSE
	EndGlobalSection
	GlobalSection(ExtensibilityGlobals) = postSolution
		SolutionGuid = {288CC85A-3F9C-4080-9E96-B11FF199B34B}
	EndGlobalSection
EndGlobal
